
Microsoft Visual Studio Solution File, Format Version 12.00
# Visual Studio 15
VisualStudioVersion = 15.0.28307.572
MinimumVisualStudioVersion = 10.0.40219.1
Project("{9092AA53-FB77-4645-B42D-1CCCA6BD08BD}") = "hazzat-api", "src\hazzat-api.njsproj", "{CFDE6605-8C61-4551-B890-7A722BAC4A67}"
EndProject
Global
	GlobalSection(SolutionConfigurationPlatforms) = preSolution
		Debug|Any CPU = Debug|Any CPU
		Release|Any CPU = Release|Any CPU
	EndGlobalSection
	GlobalSection(ProjectConfigurationPlatforms) = postSolution
		{CFDE6605-8C61-4551-B890-7A722BAC4A67}.Debug|Any CPU.ActiveCfg = Debug|Any CPU
		{CFDE6605-8C61-4551-B890-7A722BAC4A67}.Debug|Any CPU.Build.0 = Debug|Any CPU
		{CFDE6605-8C61-4551-B890-7A722BAC4A67}.Release|Any CPU.ActiveCfg = Release|Any CPU
		{CFDE6605-8C61-4551-B890-7A722BAC4A67}.Release|Any CPU.Build.0 = Release|Any CPU
	EndGlobalSection
	GlobalSection(SolutionProperties) = preSolution
		HideSolutionNode = FALSE
	EndGlobalSection
	GlobalSection(ExtensibilityGlobals) = postSolution
		SolutionGuid = {A105797D-3723-422F-B042-93EFDE01A4D8}
	EndGlobalSection
EndGlobal
