
Microsoft Visual Studio Solution File, Format Version 12.00
# Visual Studio 15
VisualStudioVersion = 15.0.28307.572
MinimumVisualStudioVersion = 10.0.40219.1
Project("{9092AA53-FB77-4645-B42D-1CCCA6BD08BD}") = "hazzat-api", "hazzat-api.njsproj", "{0F26FA13-C2F7-416A-B59A-87D93323C373}"
EndProject
Global
	GlobalSection(SolutionConfigurationPlatforms) = preSolution
		Debug|Any CPU = Debug|Any CPU
		Release|Any CPU = Release|Any CPU
	EndGlobalSection
	GlobalSection(ProjectConfigurationPlatforms) = postSolution
		{0F26FA13-C2F7-416A-B59A-87D93323C373}.Debug|Any CPU.ActiveCfg = Debug|Any CPU
		{0F26FA13-C2F7-416A-B59A-87D93323C373}.Debug|Any CPU.Build.0 = Debug|Any CPU
		{0F26FA13-C2F7-416A-B59A-87D93323C373}.Release|Any CPU.ActiveCfg = Release|Any CPU
		{0F26FA13-C2F7-416A-B59A-87D93323C373}.Release|Any CPU.Build.0 = Release|Any CPU
	EndGlobalSection
	GlobalSection(SolutionProperties) = preSolution
		HideSolutionNode = FALSE
	EndGlobalSection
	GlobalSection(ExtensibilityGlobals) = postSolution
		SolutionGuid = {B0D6FD87-9CE6-41EC-BFA4-D9738DDE3D7C}
	EndGlobalSection
EndGlobal
